GIT
  remote: https://github.com/yuszuv/dry-system.git
  revision: 38e9d3b278dd521ed20175e93f665ed51451618c
  branch: bugfix/provide-kwargs-on-instrumentation
  specs:
    dry-system (1.2.4)
      dry-auto_inject (~> 1.1)
      dry-configurable (~> 1.3)
      dry-core (~> 1.1)
      dry-inflector (~> 1.1)

GEM
  remote: https://rubygems.org/
  specs:
    awesome_print (1.9.2)
    babosa (2.0.0)
    bigdecimal (3.3.1)
    coderay (1.1.3)
    concurrent-ruby (1.3.5)
    csv (3.3.5)
    dotenv (3.1.8)
    dry-auto_inject (1.1.0)
      dry-core (~> 1.1)
      zeitwerk (~> 2.6)
    dry-cli (1.3.0)
    dry-configurable (1.3.0)
      dry-core (~> 1.1)
      zeitwerk (~> 2.6)
    dry-core (1.1.0)
      concurrent-ruby (~> 1.0)
      logger
      zeitwerk (~> 2.6)
    dry-events (1.1.0)
      concurrent-ruby (~> 1.0)
      dry-core (~> 1.1)
    dry-inflector (1.2.0)
    dry-logic (1.6.0)
      bigdecimal
      concurrent-ruby (~> 1.0)
      dry-core (~> 1.1)
      zeitwerk (~> 2.6)
    dry-monads (1.9.0)
      concurrent-ruby (~> 1.0)
      dry-core (~> 1.1)
      zeitwerk (~> 2.6)
    dry-monitor (1.0.1)
      dry-configurable (~> 1.0, < 2)
      dry-core (~> 1.0, < 2)
      dry-events (~> 1.0, < 2)
    dry-operation (1.0.0)
      dry-monads (~> 1.6)
      zeitwerk (~> 2.6)
    dry-struct (1.8.0)
      dry-core (~> 1.1)
      dry-types (~> 1.8, >= 1.8.2)
      ice_nine (~> 0.11)
      zeitwerk (~> 2.6)
    dry-transformer (1.0.1)
      zeitwerk (~> 2.6)
    dry-types (1.8.3)
      bigdecimal (~> 3.0)
      concurrent-ruby (~> 1.0)
      dry-core (~> 1.0)
      dry-inflector (~> 1.0)
      dry-logic (~> 1.4)
      zeitwerk (~> 2.6)
    hirber (0.8.7)
    ice_nine (0.11.2)
    logger (1.7.0)
    method_source (1.1.0)
    mysql2 (0.5.7)
      bigdecimal
    ostruct (0.6.3)
    php_serialize (1.2)
    pry (0.15.2)
      coderay (~> 1.1)
      method_source (~> 1.0)
    rack (2.2.20)
    rake (13.3.0)
    sequel (5.97.0)
      bigdecimal
    web_pipe (0.16.0)
      dry-monads (~> 1.3)
      dry-struct (~> 1.0)
      dry-types (~> 1.1)
      rack (~> 2.0)
    webrick (1.9.1)
    zeitwerk (2.7.3)

PLATFORMS
  ruby
  x86_64-linux

DEPENDENCIES
  awesome_print
  babosa
  csv
  dotenv
  dry-cli
  dry-events
  dry-monitor
  dry-operation
  dry-struct
  dry-system!
  dry-transformer
  dry-types
  hirber
  logger
  mysql2
  ostruct
  php_serialize
  pry
  rake
  sequel
  web_pipe
  webrick

BUNDLED WITH
   2.7.0
