GIT
  remote: https://github.com/yuszuv/dry-system.git
  revision: 38e9d3b278dd521ed20175e93f665ed51451618c
  branch: bugfix/provide-kwargs-on-instrumentation
  specs:
    dry-system (1.2.4)
      dry-auto_inject (~> 1.1)
      dry-configurable (~> 1.3)
      dry-core (~> 1.1)
      dry-inflector (~> 1.1)

GEM
  remote: https://rubygems.org/
  specs:
    addressable (2.8.7)
      public_suffix (>= 2.0.2, < 7.0)
    awesome_print (1.9.2)
    babosa (2.0.0)
    base64 (0.3.0)
    bigdecimal (3.3.1)
    coderay (1.1.3)
    commonmarker (2.5.0-x86_64-linux)
    concurrent-ruby (1.3.5)
    crack (1.0.1)
      bigdecimal
      rexml
    csv (3.3.5)
    dotenv (3.1.8)
    dry-auto_inject (1.1.0)
      dry-core (~> 1.1)
      zeitwerk (~> 2.6)
    dry-cli (1.3.0)
    dry-configurable (1.3.0)
      dry-core (~> 1.1)
      zeitwerk (~> 2.6)
    dry-core (1.1.0)
      concurrent-ruby (~> 1.0)
      logger
      zeitwerk (~> 2.6)
    dry-events (1.1.0)
      concurrent-ruby (~> 1.0)
      dry-core (~> 1.1)
    dry-files (1.1.0)
    dry-inflector (1.2.0)
    dry-logic (1.6.0)
      bigdecimal
      concurrent-ruby (~> 1.0)
      dry-core (~> 1.1)
      zeitwerk (~> 2.6)
    dry-monads (1.9.0)
      concurrent-ruby (~> 1.0)
      dry-core (~> 1.1)
      zeitwerk (~> 2.6)
    dry-monitor (1.0.1)
      dry-configurable (~> 1.0, < 2)
      dry-core (~> 1.0, < 2)
      dry-events (~> 1.0, < 2)
    dry-operation (1.0.0)
      dry-monads (~> 1.6)
      zeitwerk (~> 2.6)
    dry-struct (1.8.0)
      dry-core (~> 1.1)
      dry-types (~> 1.8, >= 1.8.2)
      ice_nine (~> 0.11)
      zeitwerk (~> 2.6)
    dry-transformer (1.0.1)
      zeitwerk (~> 2.6)
    dry-types (1.8.3)
      bigdecimal (~> 3.0)
      concurrent-ruby (~> 1.0)
      dry-core (~> 1.0)
      dry-inflector (~> 1.0)
      dry-logic (~> 1.4)
      zeitwerk (~> 2.6)
    event_stream_parser (1.0.0)
    faraday (2.14.0)
      faraday-net_http (>= 2.0, < 3.5)
      json
      logger
    faraday-multipart (1.1.1)
      multipart-post (~> 2.0)
    faraday-net_http (3.4.1)
      net-http (>= 0.5.0)
    faraday-retry (2.3.2)
      faraday (~> 2.0)
    hashdiff (1.2.1)
    hirber (0.8.7)
    ice_nine (0.11.2)
    json (2.15.1)
    logger (1.7.0)
    marcel (1.1.0)
    method_source (1.1.0)
    multipart-post (2.4.1)
    mysql2 (0.5.7)
      bigdecimal
    net-http (0.6.0)
      uri
    nokogiri (1.18.10-x86_64-linux-gnu)
      racc (~> 1.4)
    ostruct (0.6.3)
    php_serialize (1.2)
    pry (0.15.2)
      coderay (~> 1.1)
      method_source (~> 1.0)
    public_suffix (6.0.2)
    racc (1.8.1)
    rack (2.2.20)
    rake (13.3.0)
    reverse_markdown (3.0.0)
      nokogiri
    rexml (3.4.4)
    ruby_llm (1.8.2)
      base64
      event_stream_parser (~> 1)
      faraday (>= 1.10.0)
      faraday-multipart (>= 1)
      faraday-net_http (>= 1)
      faraday-retry (>= 1)
      marcel (~> 1.0)
      zeitwerk (~> 2)
    sequel (5.97.0)
      bigdecimal
    uri (1.0.4)
    vcr (6.3.1)
      base64
    web_pipe (0.16.0)
      dry-monads (~> 1.3)
      dry-struct (~> 1.0)
      dry-types (~> 1.1)
      rack (~> 2.0)
    webmock (3.25.1)
      addressable (>= 2.8.0)
      crack (>= 0.3.2)
      hashdiff (>= 0.4.0, < 2.0.0)
    webrick (1.9.1)
    zeitwerk (2.7.3)

PLATFORMS
  x86_64-linux

DEPENDENCIES
  awesome_print
  babosa
  commonmarker
  csv
  dotenv
  dry-cli
  dry-events
  dry-files
  dry-monitor
  dry-operation
  dry-struct
  dry-system!
  dry-transformer
  dry-types
  hirber
  logger
  mysql2
  ostruct
  php_serialize
  pry
  rake
  reverse_markdown
  ruby_llm
  sequel
  vcr
  web_pipe
  webmock
  webrick

BUNDLED WITH
   2.7.0
